
Microsoft Visual Studio Solution File, Format Version 12.00
# Visual Studio 2012
Project("{FAE04EC0-301F-11D3-BF4B-00C04F79EFBC}") = "FragmentsAndContainerViews.Droid", "Droid\FragmentsAndContainerViews.Droid.csproj", "{46CE399C-B1B4-4BAD-8927-1229CE048CC0}"
EndProject
Project("{FAE04EC0-301F-11D3-BF4B-00C04F79EFBC}") = "FragmentsAndContainerViews.iOS", "iOS\FragmentsAndContainerViews.iOS.csproj", "{DC43E1E0-A991-451C-9106-33FC83777902}"
EndProject
Project("{D954291E-2A0B-460D-934E-DC6B0785DB48}") = "FragmentsAndContainerViews", "FragmentsAndContainerViews\FragmentsAndContainerViews.shproj", "{C80FE6EA-F645-4DEA-9BA7-D07B5D1FC29B}"
EndProject
Global
	GlobalSection(SolutionConfigurationPlatforms) = preSolution
		Debug|Any CPU = Debug|Any CPU
		Release|Any CPU = Release|Any CPU
		Debug|iPhoneSimulator = Debug|iPhoneSimulator
		Release|iPhone = Release|iPhone
		Release|iPhoneSimulator = Release|iPhoneSimulator
		Debug|iPhone = Debug|iPhone
	EndGlobalSection
	GlobalSection(ProjectConfigurationPlatforms) = postSolution
		{46CE399C-B1B4-4BAD-8927-1229CE048CC0}.Debug|Any CPU.ActiveCfg = Debug|Any CPU
		{46CE399C-B1B4-4BAD-8927-1229CE048CC0}.Debug|Any CPU.Build.0 = Debug|Any CPU
		{46CE399C-B1B4-4BAD-8927-1229CE048CC0}.Release|Any CPU.ActiveCfg = Release|Any CPU
		{46CE399C-B1B4-4BAD-8927-1229CE048CC0}.Release|Any CPU.Build.0 = Release|Any CPU
		{46CE399C-B1B4-4BAD-8927-1229CE048CC0}.Debug|iPhoneSimulator.ActiveCfg = Debug|Any CPU
		{46CE399C-B1B4-4BAD-8927-1229CE048CC0}.Debug|iPhoneSimulator.Build.0 = Debug|Any CPU
		{46CE399C-B1B4-4BAD-8927-1229CE048CC0}.Release|iPhone.ActiveCfg = Release|Any CPU
		{46CE399C-B1B4-4BAD-8927-1229CE048CC0}.Release|iPhone.Build.0 = Release|Any CPU
		{46CE399C-B1B4-4BAD-8927-1229CE048CC0}.Release|iPhoneSimulator.ActiveCfg = Release|Any CPU
		{46CE399C-B1B4-4BAD-8927-1229CE048CC0}.Release|iPhoneSimulator.Build.0 = Release|Any CPU
		{46CE399C-B1B4-4BAD-8927-1229CE048CC0}.Debug|iPhone.ActiveCfg = Debug|Any CPU
		{46CE399C-B1B4-4BAD-8927-1229CE048CC0}.Debug|iPhone.Build.0 = Debug|Any CPU
		{DC43E1E0-A991-451C-9106-33FC83777902}.Debug|Any CPU.ActiveCfg = Debug|iPhoneSimulator
		{DC43E1E0-A991-451C-9106-33FC83777902}.Debug|Any CPU.Build.0 = Debug|iPhoneSimulator
		{DC43E1E0-A991-451C-9106-33FC83777902}.Release|Any CPU.ActiveCfg = Release|iPhone
		{DC43E1E0-A991-451C-9106-33FC83777902}.Release|Any CPU.Build.0 = Release|iPhone
		{DC43E1E0-A991-451C-9106-33FC83777902}.Debug|iPhoneSimulator.ActiveCfg = Debug|iPhoneSimulator
		{DC43E1E0-A991-451C-9106-33FC83777902}.Debug|iPhoneSimulator.Build.0 = Debug|iPhoneSimulator
		{DC43E1E0-A991-451C-9106-33FC83777902}.Release|iPhone.ActiveCfg = Release|iPhone
		{DC43E1E0-A991-451C-9106-33FC83777902}.Release|iPhone.Build.0 = Release|iPhone
		{DC43E1E0-A991-451C-9106-33FC83777902}.Release|iPhoneSimulator.ActiveCfg = Release|iPhoneSimulator
		{DC43E1E0-A991-451C-9106-33FC83777902}.Release|iPhoneSimulator.Build.0 = Release|iPhoneSimulator
		{DC43E1E0-A991-451C-9106-33FC83777902}.Debug|iPhone.ActiveCfg = Debug|iPhone
		{DC43E1E0-A991-451C-9106-33FC83777902}.Debug|iPhone.Build.0 = Debug|iPhone
	EndGlobalSection
EndGlobal
